
Microsoft Visual Studio Solution File, Format Version 12.00
# Visual Studio Version 16
VisualStudioVersion = 16.0.31624.102
MinimumVisualStudioVersion = 10.0.40219.1
Project("{FAE04EC0-301F-11D3-BF4B-00C04F79EFBC}") = "Do_AN", "Do_AN\Do_AN.csproj", "{BFBDD761-B94B-4AA9-AA1D-15EA56EE71B9}"
EndProject
Global
	GlobalSection(SolutionConfigurationPlatforms) = preSolution
		Debug|Any CPU = Debug|Any CPU
		Release|Any CPU = Release|Any CPU
	EndGlobalSection
	GlobalSection(ProjectConfigurationPlatforms) = postSolution
		{BFBDD761-B94B-4AA9-AA1D-15EA56EE71B9}.Debug|Any CPU.ActiveCfg = Debug|Any CPU
		{BFBDD761-B94B-4AA9-AA1D-15EA56EE71B9}.Debug|Any CPU.Build.0 = Debug|Any CPU
		{BFBDD761-B94B-4AA9-AA1D-15EA56EE71B9}.Release|Any CPU.ActiveCfg = Release|Any CPU
		{BFBDD761-B94B-4AA9-AA1D-15EA56EE71B9}.Release|Any CPU.Build.0 = Release|Any CPU
	EndGlobalSection
	GlobalSection(SolutionProperties) = preSolution
		HideSolutionNode = FALSE
	EndGlobalSection
	GlobalSection(ExtensibilityGlobals) = postSolution
		SolutionGuid = {6F004AAD-D571-4E78-A184-3316C0CC0713}
	EndGlobalSection
EndGlobal
